
Microsoft Visual Studio Solution File, Format Version 12.00
# Visual Studio Version 16
VisualStudioVersion = 16.0.30413.136
MinimumVisualStudioVersion = 10.0.40219.1
Project("{FAE04EC0-301F-11D3-BF4B-00C04F79EFBC}") = "MyPractice", "MyPractice.csproj", "{F2DEA235-F7BB-45AA-80A7-997F6653BB42}"
EndProject
Global
	GlobalSection(SolutionConfigurationPlatforms) = preSolution
		Debug|Any CPU = Debug|Any CPU
		Release|Any CPU = Release|Any CPU
	EndGlobalSection
	GlobalSection(ProjectConfigurationPlatforms) = postSolution
		{F2DEA235-F7BB-45AA-80A7-997F6653BB42}.Debug|Any CPU.ActiveCfg = Debug|Any CPU
		{F2DEA235-F7BB-45AA-80A7-997F6653BB42}.Debug|Any CPU.Build.0 = Debug|Any CPU
		{F2DEA235-F7BB-45AA-80A7-997F6653BB42}.Release|Any CPU.ActiveCfg = Release|Any CPU
		{F2DEA235-F7BB-45AA-80A7-997F6653BB42}.Release|Any CPU.Build.0 = Release|Any CPU
	EndGlobalSection
	GlobalSection(SolutionProperties) = preSolution
		HideSolutionNode = FALSE
	EndGlobalSection
	GlobalSection(ExtensibilityGlobals) = postSolution
		SolutionGuid = {5CC5F34F-3F67-476E-9994-FB897D870616}
	EndGlobalSection
EndGlobal
